
Microsoft Visual Studio Solution File, Format Version 12.00
# Visual Studio Version 16
VisualStudioVersion = 16.0.30114.105
MinimumVisualStudioVersion = 10.0.40219.1
Project("{FAE04EC0-301F-11D3-BF4B-00C04F79EFBC}") = "Akka.Streams.Kafka.Reproduction.Consumer", "src\Akka.Streams.Kafka.Reproduction.Consumer\Akka.Streams.Kafka.Reproduction.Consumer.csproj", "{A81526D3-07A2-4DB8-B958-C61FB296CFE2}"
EndProject
Project("{FAE04EC0-301F-11D3-BF4B-00C04F79EFBC}") = "Akka.Streams.Kafka.Reproduction.Producer", "src\Akka.Streams.Kafka.Reproduction.Producer\Akka.Streams.Kafka.Reproduction.Producer.csproj", "{320768E6-A458-4894-B162-0F725CB28590}"
EndProject
Project("{FAE04EC0-301F-11D3-BF4B-00C04F79EFBC}") = "Akka.Streams.Kafka.Reproduction.SubstreamConsumer", "src\Akka.Streams.Kafka.Reproduction.SubstreamConsumer\Akka.Streams.Kafka.Reproduction.SubstreamConsumer.csproj", "{67D65D32-F038-4EFA-91EF-04A44BCEC763}"
EndProject
Global
	GlobalSection(SolutionConfigurationPlatforms) = preSolution
		Debug|Any CPU = Debug|Any CPU
		Debug|x64 = Debug|x64
		Debug|x86 = Debug|x86
		Release|Any CPU = Release|Any CPU
		Release|x64 = Release|x64
		Release|x86 = Release|x86
	EndGlobalSection
	GlobalSection(SolutionProperties) = preSolution
		HideSolutionNode = FALSE
	EndGlobalSection
	GlobalSection(ProjectConfigurationPlatforms) = postSolution
		{A81526D3-07A2-4DB8-B958-C61FB296CFE2}.Debug|Any CPU.ActiveCfg = Debug|Any CPU
		{A81526D3-07A2-4DB8-B958-C61FB296CFE2}.Debug|Any CPU.Build.0 = Debug|Any CPU
		{A81526D3-07A2-4DB8-B958-C61FB296CFE2}.Debug|x64.ActiveCfg = Debug|Any CPU
		{A81526D3-07A2-4DB8-B958-C61FB296CFE2}.Debug|x64.Build.0 = Debug|Any CPU
		{A81526D3-07A2-4DB8-B958-C61FB296CFE2}.Debug|x86.ActiveCfg = Debug|Any CPU
		{A81526D3-07A2-4DB8-B958-C61FB296CFE2}.Debug|x86.Build.0 = Debug|Any CPU
		{A81526D3-07A2-4DB8-B958-C61FB296CFE2}.Release|Any CPU.ActiveCfg = Release|Any CPU
		{A81526D3-07A2-4DB8-B958-C61FB296CFE2}.Release|Any CPU.Build.0 = Release|Any CPU
		{A81526D3-07A2-4DB8-B958-C61FB296CFE2}.Release|x64.ActiveCfg = Release|Any CPU
		{A81526D3-07A2-4DB8-B958-C61FB296CFE2}.Release|x64.Build.0 = Release|Any CPU
		{A81526D3-07A2-4DB8-B958-C61FB296CFE2}.Release|x86.ActiveCfg = Release|Any CPU
		{A81526D3-07A2-4DB8-B958-C61FB296CFE2}.Release|x86.Build.0 = Release|Any CPU
		{320768E6-A458-4894-B162-0F725CB28590}.Debug|Any CPU.ActiveCfg = Debug|Any CPU
		{320768E6-A458-4894-B162-0F725CB28590}.Debug|Any CPU.Build.0 = Debug|Any CPU
		{320768E6-A458-4894-B162-0F725CB28590}.Debug|x64.ActiveCfg = Debug|Any CPU
		{320768E6-A458-4894-B162-0F725CB28590}.Debug|x64.Build.0 = Debug|Any CPU
		{320768E6-A458-4894-B162-0F725CB28590}.Debug|x86.ActiveCfg = Debug|Any CPU
		{320768E6-A458-4894-B162-0F725CB28590}.Debug|x86.Build.0 = Debug|Any CPU
		{320768E6-A458-4894-B162-0F725CB28590}.Release|Any CPU.ActiveCfg = Release|Any CPU
		{320768E6-A458-4894-B162-0F725CB28590}.Release|Any CPU.Build.0 = Release|Any CPU
		{320768E6-A458-4894-B162-0F725CB28590}.Release|x64.ActiveCfg = Release|Any CPU
		{320768E6-A458-4894-B162-0F725CB28590}.Release|x64.Build.0 = Release|Any CPU
		{320768E6-A458-4894-B162-0F725CB28590}.Release|x86.ActiveCfg = Release|Any CPU
		{320768E6-A458-4894-B162-0F725CB28590}.Release|x86.Build.0 = Release|Any CPU
		{67D65D32-F038-4EFA-91EF-04A44BCEC763}.Debug|Any CPU.ActiveCfg = Debug|Any CPU
		{67D65D32-F038-4EFA-91EF-04A44BCEC763}.Debug|Any CPU.Build.0 = Debug|Any CPU
		{67D65D32-F038-4EFA-91EF-04A44BCEC763}.Debug|x64.ActiveCfg = Debug|Any CPU
		{67D65D32-F038-4EFA-91EF-04A44BCEC763}.Debug|x64.Build.0 = Debug|Any CPU
		{67D65D32-F038-4EFA-91EF-04A44BCEC763}.Debug|x86.ActiveCfg = Debug|Any CPU
		{67D65D32-F038-4EFA-91EF-04A44BCEC763}.Debug|x86.Build.0 = Debug|Any CPU
		{67D65D32-F038-4EFA-91EF-04A44BCEC763}.Release|Any CPU.ActiveCfg = Release|Any CPU
		{67D65D32-F038-4EFA-91EF-04A44BCEC763}.Release|Any CPU.Build.0 = Release|Any CPU
		{67D65D32-F038-4EFA-91EF-04A44BCEC763}.Release|x64.ActiveCfg = Release|Any CPU
		{67D65D32-F038-4EFA-91EF-04A44BCEC763}.Release|x64.Build.0 = Release|Any CPU
		{67D65D32-F038-4EFA-91EF-04A44BCEC763}.Release|x86.ActiveCfg = Release|Any CPU
		{67D65D32-F038-4EFA-91EF-04A44BCEC763}.Release|x86.Build.0 = Release|Any CPU
	EndGlobalSection
EndGlobal
